// !$*UTF8*$!
{
	archiveVersion = 1;
	classes = {
	};
	objectVersion = 46;
	objects = {

/* Begin PBXBuildFile section */
		3E74AF4A1A945133000D0330 /* AppDelegate.swift in Sources */ = {isa = PBXBuildFile; fileRef = 3E74AF491A945133000D0330 /* AppDelegate.swift */; };
		3E74AF4C1A945133000D0330 /* ViewController.swift in Sources */ = {isa = PBXBuildFile; fileRef = 3E74AF4B1A945133000D0330 /* ViewController.swift */; };
		3E74AF4F1A945133000D0330 /* Main.storyboard in Resources */ = {isa = PBXBuildFile; fileRef = 3E74AF4D1A945133000D0330 /* Main.storyboard */; };
		3E74AF511A945133000D0330 /* Images.xcassets in Resources */ = {isa = PBXBuildFile; fileRef = 3E74AF501A945133000D0330 /* Images.xcassets */; };
		3E74AF541A945133000D0330 /* LaunchScreen.xib in Resources */ = {isa = PBXBuildFile; fileRef = 3E74AF521A945133000D0330 /* LaunchScreen.xib */; };
		3E74AF601A945133000D0330 /* ClassRosterTests.swift in Sources */ = {isa = PBXBuildFile; fileRef = 3E74AF5F1A945133000D0330 /* ClassRosterTests.swift */; };
/* End PBXBuildFile section */

/* Begin PBXContainerItemProxy section */
		3E74AF5A1A945133000D0330 /* PBXContainerItemProxy */ = {
			isa = PBXContainerItemProxy;
			containerPortal = 3E74AF3C1A945133000D0330 /* Project object */;
			proxyType = 1;
			remoteGlobalIDString = 3E74AF431A945133000D0330;
			remoteInfo = ClassRoster;
		};
/* End PBXContainerItemProxy section */

/* Begin PBXFileReference section */
		3E74AF441A945133000D0330 /* ClassRoster.app */ = {isa = PBXFileReference; explicitFileType = wrapper.application; includeInIndex = 0; path = ClassRoster.app; sourceTree = BUILT_PRODUCTS_DIR; };
		3E74AF481A945133000D0330 /* Info.plist */ = {isa = PBXFileReference; lastKnownFileType = text.plist.xml; path = Info.plist; sourceTree = "<group>"; };
		3E74AF491A945133000D0330 /* AppDelegate.swift */ = {isa = PBXFileReference; lastKnownFileType = sourcecode.swift; path = AppDelegate.swift; sourceTree = "<group>"; };
		3E74AF4B1A945133000D0330 /* ViewController.swift */ = {isa = PBXFileReference; lastKnownFileType = sourcecode.swift; path = ViewController.swift; sourceTree = "<group>"; };
		3E74AF4E1A945133000D0330 /* Base */ = {isa = PBXFileReference; lastKnownFileType = file.storyboard; name = Base; path = Base.lproj/Main.storyboard; sourceTree = "<group>"; };
		3E74AF501A945133000D0330 /* Images.xcassets */ = {isa = PBXFileReference; lastKnownFileType = folder.assetcatalog; path = Images.xcassets; sourceTree = "<group>"; };
		3E74AF531A945133000D0330 /* Base */ = {isa = PBXFileReference; lastKnownFileType = file.xib; name = Base; path = Base.lproj/LaunchScreen.xib; sourceTree = "<group>"; };
		3E74AF591A945133000D0330 /* ClassRosterTests.xctest */ = {isa = PBXFileReference; explicitFileType = wrapper.cfbundle; includeInIndex = 0; path = ClassRosterTests.xctest; sourceTree = BUILT_PRODUCTS_DIR; };
		3E74AF5E1A945133000D0330 /* Info.plist */ = {isa = PBXFileReference; lastKnownFileType = text.plist.xml; path = Info.plist; sourceTree = "<group>"; };
		3E74AF5F1A945133000D0330 /* ClassRosterTests.swift */ = {isa = PBXFileReference; lastKnownFileType = sourcecode.swift; path = ClassRosterTests.swift; sourceTree = "<group>"; };
/* End PBXFileReference section */

/* Begin PBXFrameworksBuildPhase section */
		3E74AF411A945133000D0330 /* Frameworks */ = {
			isa = PBXFrameworksBuildPhase;
			buildActionMask = 2147483647;
			files = (
			);
			runOnlyForDeploymentPostprocessing = 0;
		};
		3E74AF561A945133000D0330 /* Frameworks */ = {
			isa = PBXFrameworksBuildPhase;
			buildActionMask = 2147483647;
			files = (
			);
			runOnlyForDeploymentPostprocessing = 0;
		};
/* End PBXFrameworksBuildPhase section */

/* Begin PBXGroup section */
		3E74AF3B1A945133000D0330 = {
			isa = PBXGroup;
			children = (
				3E74AF461A945133000D0330 /* ClassRoster */,
				3E74AF5C1A945133000D0330 /* ClassRosterTests */,
				3E74AF451A945133000D0330 /* Products */,
			);
			sourceTree = "<group>";
		};
		3E74AF451A945133000D0330 /* Products */ = {
			isa = PBXGroup;
			children = (
				3E74AF441A945133000D0330 /* ClassRoster.app */,
				3E74AF591A945133000D0330 /* ClassRosterTests.xctest */,
			);
			name = Products;
			sourceTree = "<group>";
		};
		3E74AF461A945133000D0330 /* ClassRoster */ = {
			isa = PBXGroup;
			children = (
				3E74AF491A945133000D0330 /* AppDelegate.swift */,
				3E74AF4B1A945133000D0330 /* ViewController.swift */,
				3E74AF4D1A945133000D0330 /* Main.storyboard */,
				3E74AF501A945133000D0330 /* Images.xcassets */,
				3E74AF521A945133000D0330 /* LaunchScreen.xib */,
				3E74AF471A945133000D0330 /* Supporting Files */,
			);
			path = ClassRoster;
			sourceTree = "<group>";
		};
		3E74AF471A945133000D0330 /* Supporting Files */ = {
			isa = PBXGroup;
			children = (
				3E74AF481A945133000D0330 /* Info.plist */,
			);
			name = "Supporting Files";
			sourceTree = "<group>";
		};
		3E74AF5C1A945133000D0330 /* ClassRosterTests */ = {
			isa = PBXGroup;
			children = (
				3E74AF5F1A945133000D0330 /* ClassRosterTests.swift */,
				3E74AF5D1A945133000D0330 /* Supporting Files */,
			);
			path = ClassRosterTests;
			sourceTree = "<group>";
		};
		3E74AF5D1A945133000D0330 /* Supporting Files */ = {
			isa = PBXGroup;
			children = (
				3E74AF5E1A945133000D0330 /* Info.plist */,
			);
			name = "Supporting Files";
			sourceTree = "<group>";
		};
/* End PBXGroup section */

/* Begin PBXNativeTarget section */
		3E74AF431A945133000D0330 /* ClassRoster */ = {
			isa = PBXNativeTarget;
			buildConfigurationList = 3E74AF631A945133000D0330 /* Build configuration list for PBXNativeTarget "ClassRoster" */;
			buildPhases = (
				3E74AF401A945133000D0330 /* Sources */,
				3E74AF411A945133000D0330 /* Frameworks */,
				3E74AF421A945133000D0330 /* Resources */,
			);
			buildRules = (
			);
			dependencies = (
			);
			name = ClassRoster;
			productName = ClassRoster;
			productReference = 3E74AF441A945133000D0330 /* ClassRoster.app */;
			productType = "com.apple.product-type.application";
		};
		3E74AF581A945133000D0330 /* ClassRosterTests */ = {
			isa = PBXNativeTarget;
			buildConfigurationList = 3E74AF661A945133000D0330 /* Build configuration list for PBXNativeTarget "ClassRosterTests" */;
			buildPhases = (
				3E74AF551A945133000D0330 /* Sources */,
				3E74AF561A945133000D0330 /* Frameworks */,
				3E74AF571A945133000D0330 /* Resources */,
			);
			buildRules = (
			);
			dependencies = (
				3E74AF5B1A945133000D0330 /* PBXTargetDependency */,
			);
			name = ClassRosterTests;
			productName = ClassRosterTests;
			productReference = 3E74AF591A945133000D0330 /* ClassRosterTests.xctest */;
			productType = "com.apple.product-type.bundle.unit-test";
		};
/* End PBXNativeTarget section */

/* Begin PBXProject section */
		3E74AF3C1A945133000D0330 /* Project object */ = {
			isa = PBXProject;
			attributes = {
				LastUpgradeCheck = 0610;
				ORGANIZATIONNAME = SASH;
				TargetAttributes = {
					3E74AF431A945133000D0330 = {
						CreatedOnToolsVersion = 6.1.1;
					};
					3E74AF581A945133000D0330 = {
						CreatedOnToolsVersion = 6.1.1;
						TestTargetID = 3E74AF431A945133000D0330;
					};
				};
			};
			buildConfigurationList = 3E74AF3F1A945133000D0330 /* Build configuration list for PBXProject "ClassRoster" */;
			compatibilityVersion = "Xcode 3.2";
			developmentRegion = English;
			hasScannedForEncodings = 0;
			knownRegions = (
				en,
				Base,
			);
			mainGroup = 3E74AF3B1A945133000D0330;
			productRefGroup = 3E74AF451A945133000D0330 /* Products */;
			projectDirPath = "";
			projectRoot = "";
			targets = (
				3E74AF431A945133000D0330 /* ClassRoster */,
				3E74AF581A945133000D0330 /* ClassRosterTests */,
			);
		};
/* End PBXProject section */

/* Begin PBXResourcesBuildPhase section */
		3E74AF421A945133000D0330 /* Resources */ = {
			isa = PBXResourcesBuildPhase;
			buildActionMask = 2147483647;
			files = (
				3E74AF4F1A945133000D0330 /* Main.storyboard in Resources */,
				3E74AF541A945133000D0330 /* LaunchScreen.xib in Resources */,
				3E74AF511A945133000D0330 /* Images.xcassets in Resources */,
			);
			runOnlyForDeploymentPostprocessing = 0;
		};
		3E74AF571A945133000D0330 /* Resources */ = {
			isa = PBXResourcesBuildPhase;
			buildActionMask = 2147483647;
			files = (
			);
			runOnlyForDeploymentPostprocessing = 0;
		};
/* End PBXResourcesBuildPhase section */

/* Begin PBXSourcesBuildPhase section */
		3E74AF401A945133000D0330 /* Sources */ = {
			isa = PBXSourcesBuildPhase;
			buildActionMask = 2147483647;
			files = (
				3E74AF4C1A945133000D0330 /* ViewController.swift in Sources */,
				3E74AF4A1A945133000D0330 /* AppDelegate.swift in Sources */,
			);
			runOnlyForDeploymentPostprocessing = 0;
		};
		3E74AF551A945133000D0330 /* Sources */ = {
			isa = PBXSourcesBuildPhase;
			buildActionMask = 2147483647;
			files = (
				3E74AF601A945133000D0330 /* ClassRosterTests.swift in Sources */,
			);
			runOnlyForDeploymentPostprocessing = 0;
		};
/* End PBXSourcesBuildPhase section */

/* Begin PBXTargetDependency section */
		3E74AF5B1A945133000D0330 /* PBXTargetDependency */ = {
			isa = PBXTargetDependency;
			target = 3E74AF431A945133000D0330 /* ClassRoster */;
			targetProxy = 3E74AF5A1A945133000D0330 /* PBXContainerItemProxy */;
		};
/* End PBXTargetDependency section */

/* Begin PBXVariantGroup section */
		3E74AF4D1A945133000D0330 /* Main.storyboard */ = {
			isa = PBXVariantGroup;
			children = (
				3E74AF4E1A945133000D0330 /* Base */,
			);
			name = Main.storyboard;
			sourceTree = "<group>";
		};
		3E74AF521A945133000D0330 /* LaunchScreen.xib */ = {
			isa = PBXVariantGroup;
			children = (
				3E74AF531A945133000D0330 /* Base */,
			);
			name = LaunchScreen.xib;
			sourceTree = "<group>";
		};
/* End PBXVariantGroup section */

/* Begin XCBuildConfiguration section */
		3E74AF611A945133000D0330 /* Debug */ = {
			isa = XCBuildConfiguration;
			buildSettings = {
				ALWAYS_SEARCH_USER_PATHS = NO;
				CLANG_CXX_LANGUAGE_STANDARD = "gnu++0x";
				CLANG_CXX_LIBRARY = "libc++";
				CLANG_ENABLE_MODULES = YES;
				CLANG_ENABLE_OBJC_ARC = YES;
				CLANG_WARN_BOOL_CONVERSION = YES;
				CLANG_WARN_CONSTANT_CONVERSION = YES;
				CLANG_WARN_DIRECT_OBJC_ISA_USAGE = YES_ERROR;
				CLANG_WARN_EMPTY_BODY = YES;
				CLANG_WARN_ENUM_CONVERSION = YES;
				CLANG_WARN_INT_CONVERSION = YES;
				CLANG_WARN_OBJC_ROOT_CLASS = YES_ERROR;
				CLANG_WARN_UNREACHABLE_CODE = YES;
				CLANG_WARN__DUPLICATE_METHOD_MATCH = YES;
				"CODE_SIGN_IDENTITY[sdk=iphoneos*]" = "iPhone Developer";
				COPY_PHASE_STRIP = NO;
				ENABLE_STRICT_OBJC_MSGSEND = YES;
				GCC_C_LANGUAGE_STANDARD = gnu99;
				GCC_DYNAMIC_NO_PIC = NO;
				GCC_OPTIMIZATION_LEVEL = 0;
				GCC_PREPROCESSOR_DEFINITIONS = (
					"DEBUG=1",
					"$(inherited)",
				);
				GCC_SYMBOLS_PRIVATE_EXTERN = NO;
				GCC_WARN_64_TO_32_BIT_CONVERSION = YES;
				GCC_WARN_ABOUT_RETURN_TYPE = YES_ERROR;
				GCC_WARN_UNDECLARED_SELECTOR = YES;
				GCC_WARN_UNINITIALIZED_AUTOS = YES_AGGRESSIVE;
				GCC_WARN_UNUSED_FUNCTION = YES;
				GCC_WARN_UNUSED_VARIABLE = YES;
				IPHONEOS_DEPLOYMENT_TARGET = 8.1;
				MTL_ENABLE_DEBUG_INFO = YES;
				ONLY_ACTIVE_ARCH = YES;
				SDKROOT = iphoneos;
				SWIFT_OPTIMIZATION_LEVEL = "-Onone";
			};
			name = Debug;
		};
		3E74AF621A945133000D0330 /* Release */ = {
			isa = XCBuildConfiguration;
			buildSettings = {
				ALWAYS_SEARCH_USER_PATHS = NO;
				CLANG_CXX_LANGUAGE_STANDARD = "gnu++0x";
				CLANG_CXX_LIBRARY = "libc++";
				CLANG_ENABLE_MODULES = YES;
				CLANG_ENABLE_OBJC_ARC = YES;
				CLANG_WARN_BOOL_CONVERSION = YES;
				CLANG_WARN_CONSTANT_CONVERSION = YES;
				CLANG_WARN_DIRECT_OBJC_ISA_USAGE = YES_ERROR;
				CLANG_WARN_EMPTY_BODY = YES;
				CLANG_WARN_ENUM_CONVERSION = YES;
				CLANG_WARN_INT_CONVERSION = YES;
				CLANG_WARN_OBJC_ROOT_CLASS = YES_ERROR;
				CLANG_WARN_UNREACHABLE_CODE = YES;
				CLANG_WARN__DUPLICATE_METHOD_MATCH = YES;
				"CODE_SIGN_IDENTITY[sdk=iphoneos*]" = "iPhone Developer";
				COPY_PHASE_STRIP = YES;
				ENABLE_NS_ASSERTIONS = NO;
				ENABLE_STRICT_OBJC_MSGSEND = YES;
				GCC_C_LANGUAGE_STANDARD = gnu99;
				GCC_WARN_64_TO_32_BIT_CONVERSION = YES;
				GCC_WARN_ABOUT_RETURN_TYPE = YES_ERROR;
				GCC_WARN_UNDECLARED_SELECTOR = YES;
				GCC_WARN_UNINITIALIZED_AUTOS = YES_AGGRESSIVE;
				GCC_WARN_UNUSED_FUNCTION = YES;
				GCC_WARN_UNUSED_VARIABLE = YES;
				IPHONEOS_DEPLOYMENT_TARGET = 8.1;
				MTL_ENABLE_DEBUG_INFO = NO;
				SDKROOT = iphoneos;
				VALIDATE_PRODUCT = YES;
			};
			name = Release;
		};
		3E74AF641A945133000D0330 /* Debug */ = {
			isa = XCBuildConfiguration;
			buildSettings = {
				ASSETCATALOG_COMPILER_APPICON_NAME = AppIcon;
				INFOPLIST_FILE = ClassRoster/Info.plist;
				LD_RUNPATH_SEARCH_PATHS = "$(inherited) @executable_path/Frameworks";
				PRODUCT_NAME = "$(TARGET_NAME)";
			};
			name = Debug;
		};
		3E74AF651A945133000D0330 /* Release */ = {
			isa = XCBuildConfiguration;
			buildSettings = {
				ASSETCATALOG_COMPILER_APPICON_NAME = AppIcon;
				INFOPLIST_FILE = ClassRoster/Info.plist;
				LD_RUNPATH_SEARCH_PATHS = "$(inherited) @executable_path/Frameworks";
				PRODUCT_NAME = "$(TARGET_NAME)";
			};
			name = Release;
		};
		3E74AF671A945133000D0330 /* Debug */ = {
			isa = XCBuildConfiguration;
			buildSettings = {
				BUNDLE_LOADER = "$(TEST_HOST)";
				FRAMEWORK_SEARCH_PATHS = (
					"$(SDKROOT)/Developer/Library/Frameworks",
					"$(inherited)",
				);
				GCC_PREPROCESSOR_DEFINITIONS = (
					"DEBUG=1",
					"$(inherited)",
				);
				INFOPLIST_FILE = ClassRosterTests/Info.plist;
				LD_RUNPATH_SEARCH_PATHS = "$(inherited) @executable_path/Frameworks @loader_path/Frameworks";
				PRODUCT_NAME = "$(TARGET_NAME)";
				TEST_HOST = "$(BUILT_PRODUCTS_DIR)/ClassRoster.app/ClassRoster";
			};
			name = Debug;
		};
		3E74AF681A945133000D0330 /* Release */ = {
			isa = XCBuildConfiguration;
			buildSettings = {
				BUNDLE_LOADER = "$(TEST_HOST)";
				FRAMEWORK_SEARCH_PATHS = (
					"$(SDKROOT)/Developer/Library/Frameworks",
					"$(inherited)",
				);
				INFOPLIST_FILE = ClassRosterTests/Info.plist;
				LD_RUNPATH_SEARCH_PATHS = "$(inherited) @executable_path/Frameworks @loader_path/Frameworks";
				PRODUCT_NAME = "$(TARGET_NAME)";
				TEST_HOST = "$(BUILT_PRODUCTS_DIR)/ClassRoster.app/ClassRoster";
			};
			name = Release;
		};
/* End XCBuildConfiguration section */

/* Begin XCConfigurationList section */
		3E74AF3F1A945133000D0330 /* Build configuration list for PBXProject "ClassRoster" */ = {
			isa = XCConfigurationList;
			buildConfigurations = (
				3E74AF611A945133000D0330 /* Debug */,
				3E74AF621A945133000D0330 /* Release */,
			);
			defaultConfigurationIsVisible = 0;
			defaultConfigurationName = Release;
		};
		3E74AF631A945133000D0330 /* Build configuration list for PBXNativeTarget "ClassRoster" */ = {
			isa = XCConfigurationList;
			buildConfigurations = (
				3E74AF641A945133000D0330 /* Debug */,
				3E74AF651A945133000D0330 /* Release */,
			);
			defaultConfigurationIsVisible = 0;
		};
		3E74AF661A945133000D0330 /* Build configuration list for PBXNativeTarget "ClassRosterTests" */ = {
			isa = XCConfigurationList;
			buildConfigurations = (
				3E74AF671A945133000D0330 /* Debug */,
				3E74AF681A945133000D0330 /* Release */,
			);
			defaultConfigurationIsVisible = 0;
		};
/* End XCConfigurationList section */
	};
	rootObject = 3E74AF3C1A945133000D0330 /* Project object */;
}
